DEPENDENCIES
  apache2
  dotfiles
    git: git://github.com/tomomura/chef-dotfiles.git
    revision: ccbe3c967dcd4aae8917f3e639174848a6e9398e
  git
  porg
    git: git://github.com/tomomura/chef-porg.git
    revision: 5dca549b4e1b5e1ef229ee0a9b4539b86211d5eb
  rbenv
    git: git://github.com/fnichol/chef-rbenv.git
    revision: 7aa1def9147f94e24146d4a90c28291559e29352
  tig
    git: git://github.com/tomomura/chef-tig.git
    revision: 749bfdc22769000455f840a3d760825cb361bfc5
  tmux
  vim
  yum-epel
  yum-repoforge
  yum-setup
    git: git://github.com/tomomura/chef-yum-setup.git
    revision: f29fa341d168a1a1680f95e169c39732ae6d3a3b
  zsh

GRAPH
  apache2 (3.1.0)
  build-essential (2.2.3)
  chef_handler (1.2.0)
  dmg (2.2.2)
  dotfiles (0.1.0)
  git (4.3.3)
    build-essential (>= 0.0.0)
    dmg (>= 0.0.0)
    windows (>= 0.0.0)
    yum-epel (>= 0.0.0)
  java (1.35.0)
  porg (0.1.0)
  rbenv (0.8.0)
    java (> 1.4.0)
    ruby_build (>= 0.0.0)
  ruby_build (0.8.0)
  tig (0.1.0)
    yum-epel (>= 0.0.0)
  tmux (1.4.0)
  vim (1.1.2)
  windows (1.38.1)
    chef_handler (>= 0.0.0)
  yum (3.6.3)
  yum-epel (0.6.2)
    yum (~> 3.2)
  yum-repoforge (0.5.3)
    yum (~> 3.2)
    yum-epel (>= 0.0.0)
  yum-setup (0.1.0)
  zsh (1.0.1)
